# This file is generated by running "yarn install" inside your project.
# Manual changes might be lost - proceed with caution!

__metadata:
  version: 6

"test@workspace:packages/test":
  version: 0.0.0-use.local
  resolution: "test@workspace:packages/test"
  languageName: unknown
  linkType: soft

"ufo-society1974@workspace:.":
  version: 0.0.0-use.local
  resolution: "ufo-society1974@workspace:."
  languageName: unknown
  linkType: soft
